
Microsoft Visual Studio Solution File, Format Version 12.00
# Visual Studio Version 17
VisualStudioVersion = 17.14.36429.23 d17.14
MinimumVisualStudioVersion = 10.0.40219.1
Project("{FAE04EC0-301F-11D3-BF4B-00C04F79EFBC}") = "Taskpiea.WPFClient", "Taskpiea.WPFClient.csproj", "{1E4D725A-56FA-4FAB-B9E1-4AC5D12074DB}"
EndProject
Project("{FAE04EC0-301F-11D3-BF4B-00C04F79EFBC}") = "Taskpiea.Core", "..\..\library\dotnet\Taskpiea.Core.csproj", "{CFFA38A7-2FE9-FCF7-7BF1-AE810A6C0333}"
EndProject
Global
	GlobalSection(SolutionConfigurationPlatforms) = preSolution
		Debug|Any CPU = Debug|Any CPU
		Release|Any CPU = Release|Any CPU
	EndGlobalSection
	GlobalSection(ProjectConfigurationPlatforms) = postSolution
		{1E4D725A-56FA-4FAB-B9E1-4AC5D12074DB}.Debug|Any CPU.ActiveCfg = Debug|Any CPU
		{1E4D725A-56FA-4FAB-B9E1-4AC5D12074DB}.Debug|Any CPU.Build.0 = Debug|Any CPU
		{1E4D725A-56FA-4FAB-B9E1-4AC5D12074DB}.Release|Any CPU.ActiveCfg = Release|Any CPU
		{1E4D725A-56FA-4FAB-B9E1-4AC5D12074DB}.Release|Any CPU.Build.0 = Release|Any CPU
		{CFFA38A7-2FE9-FCF7-7BF1-AE810A6C0333}.Debug|Any CPU.ActiveCfg = Debug|Any CPU
		{CFFA38A7-2FE9-FCF7-7BF1-AE810A6C0333}.Debug|Any CPU.Build.0 = Debug|Any CPU
		{CFFA38A7-2FE9-FCF7-7BF1-AE810A6C0333}.Release|Any CPU.ActiveCfg = Release|Any CPU
		{CFFA38A7-2FE9-FCF7-7BF1-AE810A6C0333}.Release|Any CPU.Build.0 = Release|Any CPU
	EndGlobalSection
	GlobalSection(SolutionProperties) = preSolution
		HideSolutionNode = FALSE
	EndGlobalSection
	GlobalSection(ExtensibilityGlobals) = postSolution
		SolutionGuid = {0270FEE6-44D7-4379-99BB-1E52A719CB5E}
	EndGlobalSection
EndGlobal
